
Microsoft Visual Studio Solution File, Format Version 12.00
# Visual Studio Version 17
VisualStudioVersion = 17.4.33213.308
MinimumVisualStudioVersion = 10.0.40219.1
Project("{9A19103F-16F7-4668-BE54-9A1E7A4F7556}") = "Hyperspace", "Hyperspace.csproj", "{039EF7A2-1448-4F2E-9B4B-CC8A9289695C}"
EndProject
Global
	GlobalSection(SolutionConfigurationPlatforms) = preSolution
		Debug|Any CPU = Debug|Any CPU
		Release|Any CPU = Release|Any CPU
	EndGlobalSection
	GlobalSection(ProjectConfigurationPlatforms) = postSolution
		{039EF7A2-1448-4F2E-9B4B-CC8A9289695C}.Debug|Any CPU.ActiveCfg = Debug|Any CPU
		{039EF7A2-1448-4F2E-9B4B-CC8A9289695C}.Debug|Any CPU.Build.0 = Debug|Any CPU
		{039EF7A2-1448-4F2E-9B4B-CC8A9289695C}.Release|Any CPU.ActiveCfg = Release|Any CPU
		{039EF7A2-1448-4F2E-9B4B-CC8A9289695C}.Release|Any CPU.Build.0 = Release|Any CPU
	EndGlobalSection
	GlobalSection(SolutionProperties) = preSolution
		HideSolutionNode = FALSE
	EndGlobalSection
	GlobalSection(ExtensibilityGlobals) = postSolution
		SolutionGuid = {3529440B-221E-458A-A32A-0BEAE122AB3A}
	EndGlobalSection
EndGlobal
